
Microsoft Visual Studio Solution File, Format Version 12.00
# Visual Studio Version 16
VisualStudioVersion = 16.6.30114.105
MinimumVisualStudioVersion = 10.0.40219.1
Project("{FAE04EC0-301F-11D3-BF4B-00C04F79EFBC}") = "0103Introduction", "0103Introduction\0103Introduction.csproj", "{4CCD7BBD-DEEC-48BA-967F-78AFDC0768DB}"
EndProject
Project("{FAE04EC0-301F-11D3-BF4B-00C04F79EFBC}") = "0211BasicVariables", "0211BasicVariables\0211BasicVariables.csproj", "{AC5BC888-1D7C-4A07-A69A-1776BA686951}"
EndProject
Project("{FAE04EC0-301F-11D3-BF4B-00C04F79EFBC}") = "0213TypeConversion", "0213TypeConversion\0213TypeConversion.csproj", "{B504DBCF-9560-45EB-86DE-A67AD1E0E773}"
EndProject
Project("{FAE04EC0-301F-11D3-BF4B-00C04F79EFBC}") = "0221DoWhile", "0221DoWhile\0221DoWhile.csproj", "{B826CCF4-F7F4-4412-BF55-A72AFEDCC528}"
EndProject
Project("{FAE04EC0-301F-11D3-BF4B-00C04F79EFBC}") = "Moudule02Lesson07", "Moudule02Lesson07\Moudule02Lesson07.csproj", "{202198D4-4FB9-4E09-A86F-1B71A6D46AE1}"
EndProject
Project("{FAE04EC0-301F-11D3-BF4B-00C04F79EFBC}") = "Module02Lesson08List", "Module02Lesson08List\Module02Lesson08List.csproj", "{1DA982AB-FEF2-4F03-BF52-499C0F599F7D}"
EndProject
Project("{FAE04EC0-301F-11D3-BF4B-00C04F79EFBC}") = "Module02Lesson09Dictionary", "Module02Lesson09Dictionary\Module02Lesson09Dictionary.csproj", "{21435720-8E02-45A9-A649-869C3E34818B}"
EndProject
Project("{FAE04EC0-301F-11D3-BF4B-00C04F79EFBC}") = "Module02Lesson10ForLoop", "Module02Lesson10ForLoop\Module02Lesson10ForLoop.csproj", "{C2A080E2-46BE-4ADC-9BCE-1207E223CD34}"
EndProject
Project("{FAE04EC0-301F-11D3-BF4B-00C04F79EFBC}") = "Module02Lesson11Foreach", "Module02Lesson11Foreach\Module02Lesson11Foreach.csproj", "{B7ACD3C4-D08E-414F-A6CF-FE75BEB3F8DF}"
EndProject
Project("{FAE04EC0-301F-11D3-BF4B-00C04F79EFBC}") = "Module02Lesson12Methods", "Module02Lesson12Methods\Module02Lesson12Methods.csproj", "{18B61AE9-01B2-4800-B4EC-59DA7959D3AC}"
EndProject
Project("{FAE04EC0-301F-11D3-BF4B-00C04F79EFBC}") = "Module02Lesson13MiniP", "Module02Lesson13MiniP\Module02Lesson13MiniP.csproj", "{4779CA67-B294-4D35-AF83-FFA22D84F4AC}"
EndProject
Project("{FAE04EC0-301F-11D3-BF4B-00C04F79EFBC}") = "M03L02Breakpints", "M03L02Breakpints\M03L02Breakpints.csproj", "{C6A8223C-6E6D-4B4E-A7CC-583658FBD5E9}"
EndProject
Project("{FAE04EC0-301F-11D3-BF4B-00C04F79EFBC}") = "M03L03HandlingExceptions", "M03L03HandlingExceptions\M03L03HandlingExceptions.csproj", "{03B41E69-9F07-4327-89A5-AE7DA61D83E6}"
EndProject
Project("{FAE04EC0-301F-11D3-BF4B-00C04F79EFBC}") = "M03L06MiniProject", "M03L06MiniProject\M03L06MiniProject.csproj", "{B170DA7C-1EDE-48B2-BF7C-0AD0EAAA9CD9}"
EndProject
Project("{FAE04EC0-301F-11D3-BF4B-00C04F79EFBC}") = "M04L02StaticClass", "M04L02StaticClass\M04L02StaticClass.csproj", "{C07E9E5F-60DD-4D18-A26C-CDB803BC5C12}"
EndProject
Project("{FAE04EC0-301F-11D3-BF4B-00C04F79EFBC}") = "M04L06ClassLibrary", "M04L06ClassLibrary\M04L06ClassLibrary.csproj", "{CF5D46B0-1070-4336-B1AA-793B087ED3C1}"
EndProject
Project("{FAE04EC0-301F-11D3-BF4B-00C04F79EFBC}") = "M04L06AddedLibrary", "M04L06AddedLibrary\M04L06AddedLibrary.csproj", "{ECE35F9D-8DBA-4A7D-AAE1-77C9A8C51300}"
EndProject
Global
	GlobalSection(SolutionConfigurationPlatforms) = preSolution
		Debug|Any CPU = Debug|Any CPU
		Debug|x64 = Debug|x64
		Debug|x86 = Debug|x86
		Release|Any CPU = Release|Any CPU
		Release|x64 = Release|x64
		Release|x86 = Release|x86
	EndGlobalSection
	GlobalSection(SolutionProperties) = preSolution
		HideSolutionNode = FALSE
	EndGlobalSection
	GlobalSection(ProjectConfigurationPlatforms) = postSolution
		{4CCD7BBD-DEEC-48BA-967F-78AFDC0768DB}.Debug|Any CPU.ActiveCfg = Debug|Any CPU
		{4CCD7BBD-DEEC-48BA-967F-78AFDC0768DB}.Debug|Any CPU.Build.0 = Debug|Any CPU
		{4CCD7BBD-DEEC-48BA-967F-78AFDC0768DB}.Debug|x64.ActiveCfg = Debug|Any CPU
		{4CCD7BBD-DEEC-48BA-967F-78AFDC0768DB}.Debug|x64.Build.0 = Debug|Any CPU
		{4CCD7BBD-DEEC-48BA-967F-78AFDC0768DB}.Debug|x86.ActiveCfg = Debug|Any CPU
		{4CCD7BBD-DEEC-48BA-967F-78AFDC0768DB}.Debug|x86.Build.0 = Debug|Any CPU
		{4CCD7BBD-DEEC-48BA-967F-78AFDC0768DB}.Release|Any CPU.ActiveCfg = Release|Any CPU
		{4CCD7BBD-DEEC-48BA-967F-78AFDC0768DB}.Release|Any CPU.Build.0 = Release|Any CPU
		{4CCD7BBD-DEEC-48BA-967F-78AFDC0768DB}.Release|x64.ActiveCfg = Release|Any CPU
		{4CCD7BBD-DEEC-48BA-967F-78AFDC0768DB}.Release|x64.Build.0 = Release|Any CPU
		{4CCD7BBD-DEEC-48BA-967F-78AFDC0768DB}.Release|x86.ActiveCfg = Release|Any CPU
		{4CCD7BBD-DEEC-48BA-967F-78AFDC0768DB}.Release|x86.Build.0 = Release|Any CPU
		{AC5BC888-1D7C-4A07-A69A-1776BA686951}.Debug|Any CPU.ActiveCfg = Debug|Any CPU
		{AC5BC888-1D7C-4A07-A69A-1776BA686951}.Debug|Any CPU.Build.0 = Debug|Any CPU
		{AC5BC888-1D7C-4A07-A69A-1776BA686951}.Debug|x64.ActiveCfg = Debug|Any CPU
		{AC5BC888-1D7C-4A07-A69A-1776BA686951}.Debug|x64.Build.0 = Debug|Any CPU
		{AC5BC888-1D7C-4A07-A69A-1776BA686951}.Debug|x86.ActiveCfg = Debug|Any CPU
		{AC5BC888-1D7C-4A07-A69A-1776BA686951}.Debug|x86.Build.0 = Debug|Any CPU
		{AC5BC888-1D7C-4A07-A69A-1776BA686951}.Release|Any CPU.ActiveCfg = Release|Any CPU
		{AC5BC888-1D7C-4A07-A69A-1776BA686951}.Release|Any CPU.Build.0 = Release|Any CPU
		{AC5BC888-1D7C-4A07-A69A-1776BA686951}.Release|x64.ActiveCfg = Release|Any CPU
		{AC5BC888-1D7C-4A07-A69A-1776BA686951}.Release|x64.Build.0 = Release|Any CPU
		{AC5BC888-1D7C-4A07-A69A-1776BA686951}.Release|x86.ActiveCfg = Release|Any CPU
		{AC5BC888-1D7C-4A07-A69A-1776BA686951}.Release|x86.Build.0 = Release|Any CPU
		{B504DBCF-9560-45EB-86DE-A67AD1E0E773}.Debug|Any CPU.ActiveCfg = Debug|Any CPU
		{B504DBCF-9560-45EB-86DE-A67AD1E0E773}.Debug|Any CPU.Build.0 = Debug|Any CPU
		{B504DBCF-9560-45EB-86DE-A67AD1E0E773}.Debug|x64.ActiveCfg = Debug|Any CPU
		{B504DBCF-9560-45EB-86DE-A67AD1E0E773}.Debug|x64.Build.0 = Debug|Any CPU
		{B504DBCF-9560-45EB-86DE-A67AD1E0E773}.Debug|x86.ActiveCfg = Debug|Any CPU
		{B504DBCF-9560-45EB-86DE-A67AD1E0E773}.Debug|x86.Build.0 = Debug|Any CPU
		{B504DBCF-9560-45EB-86DE-A67AD1E0E773}.Release|Any CPU.ActiveCfg = Release|Any CPU
		{B504DBCF-9560-45EB-86DE-A67AD1E0E773}.Release|Any CPU.Build.0 = Release|Any CPU
		{B504DBCF-9560-45EB-86DE-A67AD1E0E773}.Release|x64.ActiveCfg = Release|Any CPU
		{B504DBCF-9560-45EB-86DE-A67AD1E0E773}.Release|x64.Build.0 = Release|Any CPU
		{B504DBCF-9560-45EB-86DE-A67AD1E0E773}.Release|x86.ActiveCfg = Release|Any CPU
		{B504DBCF-9560-45EB-86DE-A67AD1E0E773}.Release|x86.Build.0 = Release|Any CPU
		{B826CCF4-F7F4-4412-BF55-A72AFEDCC528}.Debug|Any CPU.ActiveCfg = Debug|Any CPU
		{B826CCF4-F7F4-4412-BF55-A72AFEDCC528}.Debug|Any CPU.Build.0 = Debug|Any CPU
		{B826CCF4-F7F4-4412-BF55-A72AFEDCC528}.Debug|x64.ActiveCfg = Debug|Any CPU
		{B826CCF4-F7F4-4412-BF55-A72AFEDCC528}.Debug|x64.Build.0 = Debug|Any CPU
		{B826CCF4-F7F4-4412-BF55-A72AFEDCC528}.Debug|x86.ActiveCfg = Debug|Any CPU
		{B826CCF4-F7F4-4412-BF55-A72AFEDCC528}.Debug|x86.Build.0 = Debug|Any CPU
		{B826CCF4-F7F4-4412-BF55-A72AFEDCC528}.Release|Any CPU.ActiveCfg = Release|Any CPU
		{B826CCF4-F7F4-4412-BF55-A72AFEDCC528}.Release|Any CPU.Build.0 = Release|Any CPU
		{B826CCF4-F7F4-4412-BF55-A72AFEDCC528}.Release|x64.ActiveCfg = Release|Any CPU
		{B826CCF4-F7F4-4412-BF55-A72AFEDCC528}.Release|x64.Build.0 = Release|Any CPU
		{B826CCF4-F7F4-4412-BF55-A72AFEDCC528}.Release|x86.ActiveCfg = Release|Any CPU
		{B826CCF4-F7F4-4412-BF55-A72AFEDCC528}.Release|x86.Build.0 = Release|Any CPU
		{202198D4-4FB9-4E09-A86F-1B71A6D46AE1}.Debug|Any CPU.ActiveCfg = Debug|Any CPU
		{202198D4-4FB9-4E09-A86F-1B71A6D46AE1}.Debug|Any CPU.Build.0 = Debug|Any CPU
		{202198D4-4FB9-4E09-A86F-1B71A6D46AE1}.Debug|x64.ActiveCfg = Debug|Any CPU
		{202198D4-4FB9-4E09-A86F-1B71A6D46AE1}.Debug|x64.Build.0 = Debug|Any CPU
		{202198D4-4FB9-4E09-A86F-1B71A6D46AE1}.Debug|x86.ActiveCfg = Debug|Any CPU
		{202198D4-4FB9-4E09-A86F-1B71A6D46AE1}.Debug|x86.Build.0 = Debug|Any CPU
		{202198D4-4FB9-4E09-A86F-1B71A6D46AE1}.Release|Any CPU.ActiveCfg = Release|Any CPU
		{202198D4-4FB9-4E09-A86F-1B71A6D46AE1}.Release|Any CPU.Build.0 = Release|Any CPU
		{202198D4-4FB9-4E09-A86F-1B71A6D46AE1}.Release|x64.ActiveCfg = Release|Any CPU
		{202198D4-4FB9-4E09-A86F-1B71A6D46AE1}.Release|x64.Build.0 = Release|Any CPU
		{202198D4-4FB9-4E09-A86F-1B71A6D46AE1}.Release|x86.ActiveCfg = Release|Any CPU
		{202198D4-4FB9-4E09-A86F-1B71A6D46AE1}.Release|x86.Build.0 = Release|Any CPU
		{1DA982AB-FEF2-4F03-BF52-499C0F599F7D}.Debug|Any CPU.ActiveCfg = Debug|Any CPU
		{1DA982AB-FEF2-4F03-BF52-499C0F599F7D}.Debug|Any CPU.Build.0 = Debug|Any CPU
		{1DA982AB-FEF2-4F03-BF52-499C0F599F7D}.Debug|x64.ActiveCfg = Debug|Any CPU
		{1DA982AB-FEF2-4F03-BF52-499C0F599F7D}.Debug|x64.Build.0 = Debug|Any CPU
		{1DA982AB-FEF2-4F03-BF52-499C0F599F7D}.Debug|x86.ActiveCfg = Debug|Any CPU
		{1DA982AB-FEF2-4F03-BF52-499C0F599F7D}.Debug|x86.Build.0 = Debug|Any CPU
		{1DA982AB-FEF2-4F03-BF52-499C0F599F7D}.Release|Any CPU.ActiveCfg = Release|Any CPU
		{1DA982AB-FEF2-4F03-BF52-499C0F599F7D}.Release|Any CPU.Build.0 = Release|Any CPU
		{1DA982AB-FEF2-4F03-BF52-499C0F599F7D}.Release|x64.ActiveCfg = Release|Any CPU
		{1DA982AB-FEF2-4F03-BF52-499C0F599F7D}.Release|x64.Build.0 = Release|Any CPU
		{1DA982AB-FEF2-4F03-BF52-499C0F599F7D}.Release|x86.ActiveCfg = Release|Any CPU
		{1DA982AB-FEF2-4F03-BF52-499C0F599F7D}.Release|x86.Build.0 = Release|Any CPU
		{21435720-8E02-45A9-A649-869C3E34818B}.Debug|Any CPU.ActiveCfg = Debug|Any CPU
		{21435720-8E02-45A9-A649-869C3E34818B}.Debug|Any CPU.Build.0 = Debug|Any CPU
		{21435720-8E02-45A9-A649-869C3E34818B}.Debug|x64.ActiveCfg = Debug|Any CPU
		{21435720-8E02-45A9-A649-869C3E34818B}.Debug|x64.Build.0 = Debug|Any CPU
		{21435720-8E02-45A9-A649-869C3E34818B}.Debug|x86.ActiveCfg = Debug|Any CPU
		{21435720-8E02-45A9-A649-869C3E34818B}.Debug|x86.Build.0 = Debug|Any CPU
		{21435720-8E02-45A9-A649-869C3E34818B}.Release|Any CPU.ActiveCfg = Release|Any CPU
		{21435720-8E02-45A9-A649-869C3E34818B}.Release|Any CPU.Build.0 = Release|Any CPU
		{21435720-8E02-45A9-A649-869C3E34818B}.Release|x64.ActiveCfg = Release|Any CPU
		{21435720-8E02-45A9-A649-869C3E34818B}.Release|x64.Build.0 = Release|Any CPU
		{21435720-8E02-45A9-A649-869C3E34818B}.Release|x86.ActiveCfg = Release|Any CPU
		{21435720-8E02-45A9-A649-869C3E34818B}.Release|x86.Build.0 = Release|Any CPU
		{C2A080E2-46BE-4ADC-9BCE-1207E223CD34}.Debug|Any CPU.ActiveCfg = Debug|Any CPU
		{C2A080E2-46BE-4ADC-9BCE-1207E223CD34}.Debug|Any CPU.Build.0 = Debug|Any CPU
		{C2A080E2-46BE-4ADC-9BCE-1207E223CD34}.Debug|x64.ActiveCfg = Debug|Any CPU
		{C2A080E2-46BE-4ADC-9BCE-1207E223CD34}.Debug|x64.Build.0 = Debug|Any CPU
		{C2A080E2-46BE-4ADC-9BCE-1207E223CD34}.Debug|x86.ActiveCfg = Debug|Any CPU
		{C2A080E2-46BE-4ADC-9BCE-1207E223CD34}.Debug|x86.Build.0 = Debug|Any CPU
		{C2A080E2-46BE-4ADC-9BCE-1207E223CD34}.Release|Any CPU.ActiveCfg = Release|Any CPU
		{C2A080E2-46BE-4ADC-9BCE-1207E223CD34}.Release|Any CPU.Build.0 = Release|Any CPU
		{C2A080E2-46BE-4ADC-9BCE-1207E223CD34}.Release|x64.ActiveCfg = Release|Any CPU
		{C2A080E2-46BE-4ADC-9BCE-1207E223CD34}.Release|x64.Build.0 = Release|Any CPU
		{C2A080E2-46BE-4ADC-9BCE-1207E223CD34}.Release|x86.ActiveCfg = Release|Any CPU
		{C2A080E2-46BE-4ADC-9BCE-1207E223CD34}.Release|x86.Build.0 = Release|Any CPU
		{B7ACD3C4-D08E-414F-A6CF-FE75BEB3F8DF}.Debug|Any CPU.ActiveCfg = Debug|Any CPU
		{B7ACD3C4-D08E-414F-A6CF-FE75BEB3F8DF}.Debug|Any CPU.Build.0 = Debug|Any CPU
		{B7ACD3C4-D08E-414F-A6CF-FE75BEB3F8DF}.Debug|x64.ActiveCfg = Debug|Any CPU
		{B7ACD3C4-D08E-414F-A6CF-FE75BEB3F8DF}.Debug|x64.Build.0 = Debug|Any CPU
		{B7ACD3C4-D08E-414F-A6CF-FE75BEB3F8DF}.Debug|x86.ActiveCfg = Debug|Any CPU
		{B7ACD3C4-D08E-414F-A6CF-FE75BEB3F8DF}.Debug|x86.Build.0 = Debug|Any CPU
		{B7ACD3C4-D08E-414F-A6CF-FE75BEB3F8DF}.Release|Any CPU.ActiveCfg = Release|Any CPU
		{B7ACD3C4-D08E-414F-A6CF-FE75BEB3F8DF}.Release|Any CPU.Build.0 = Release|Any CPU
		{B7ACD3C4-D08E-414F-A6CF-FE75BEB3F8DF}.Release|x64.ActiveCfg = Release|Any CPU
		{B7ACD3C4-D08E-414F-A6CF-FE75BEB3F8DF}.Release|x64.Build.0 = Release|Any CPU
		{B7ACD3C4-D08E-414F-A6CF-FE75BEB3F8DF}.Release|x86.ActiveCfg = Release|Any CPU
		{B7ACD3C4-D08E-414F-A6CF-FE75BEB3F8DF}.Release|x86.Build.0 = Release|Any CPU
		{18B61AE9-01B2-4800-B4EC-59DA7959D3AC}.Debug|Any CPU.ActiveCfg = Debug|Any CPU
		{18B61AE9-01B2-4800-B4EC-59DA7959D3AC}.Debug|Any CPU.Build.0 = Debug|Any CPU
		{18B61AE9-01B2-4800-B4EC-59DA7959D3AC}.Debug|x64.ActiveCfg = Debug|Any CPU
		{18B61AE9-01B2-4800-B4EC-59DA7959D3AC}.Debug|x64.Build.0 = Debug|Any CPU
		{18B61AE9-01B2-4800-B4EC-59DA7959D3AC}.Debug|x86.ActiveCfg = Debug|Any CPU
		{18B61AE9-01B2-4800-B4EC-59DA7959D3AC}.Debug|x86.Build.0 = Debug|Any CPU
		{18B61AE9-01B2-4800-B4EC-59DA7959D3AC}.Release|Any CPU.ActiveCfg = Release|Any CPU
		{18B61AE9-01B2-4800-B4EC-59DA7959D3AC}.Release|Any CPU.Build.0 = Release|Any CPU
		{18B61AE9-01B2-4800-B4EC-59DA7959D3AC}.Release|x64.ActiveCfg = Release|Any CPU
		{18B61AE9-01B2-4800-B4EC-59DA7959D3AC}.Release|x64.Build.0 = Release|Any CPU
		{18B61AE9-01B2-4800-B4EC-59DA7959D3AC}.Release|x86.ActiveCfg = Release|Any CPU
		{18B61AE9-01B2-4800-B4EC-59DA7959D3AC}.Release|x86.Build.0 = Release|Any CPU
		{4779CA67-B294-4D35-AF83-FFA22D84F4AC}.Debug|Any CPU.ActiveCfg = Debug|Any CPU
		{4779CA67-B294-4D35-AF83-FFA22D84F4AC}.Debug|Any CPU.Build.0 = Debug|Any CPU
		{4779CA67-B294-4D35-AF83-FFA22D84F4AC}.Debug|x64.ActiveCfg = Debug|Any CPU
		{4779CA67-B294-4D35-AF83-FFA22D84F4AC}.Debug|x64.Build.0 = Debug|Any CPU
		{4779CA67-B294-4D35-AF83-FFA22D84F4AC}.Debug|x86.ActiveCfg = Debug|Any CPU
		{4779CA67-B294-4D35-AF83-FFA22D84F4AC}.Debug|x86.Build.0 = Debug|Any CPU
		{4779CA67-B294-4D35-AF83-FFA22D84F4AC}.Release|Any CPU.ActiveCfg = Release|Any CPU
		{4779CA67-B294-4D35-AF83-FFA22D84F4AC}.Release|Any CPU.Build.0 = Release|Any CPU
		{4779CA67-B294-4D35-AF83-FFA22D84F4AC}.Release|x64.ActiveCfg = Release|Any CPU
		{4779CA67-B294-4D35-AF83-FFA22D84F4AC}.Release|x64.Build.0 = Release|Any CPU
		{4779CA67-B294-4D35-AF83-FFA22D84F4AC}.Release|x86.ActiveCfg = Release|Any CPU
		{4779CA67-B294-4D35-AF83-FFA22D84F4AC}.Release|x86.Build.0 = Release|Any CPU
		{C6A8223C-6E6D-4B4E-A7CC-583658FBD5E9}.Debug|Any CPU.ActiveCfg = Debug|Any CPU
		{C6A8223C-6E6D-4B4E-A7CC-583658FBD5E9}.Debug|Any CPU.Build.0 = Debug|Any CPU
		{C6A8223C-6E6D-4B4E-A7CC-583658FBD5E9}.Debug|x64.ActiveCfg = Debug|Any CPU
		{C6A8223C-6E6D-4B4E-A7CC-583658FBD5E9}.Debug|x64.Build.0 = Debug|Any CPU
		{C6A8223C-6E6D-4B4E-A7CC-583658FBD5E9}.Debug|x86.ActiveCfg = Debug|Any CPU
		{C6A8223C-6E6D-4B4E-A7CC-583658FBD5E9}.Debug|x86.Build.0 = Debug|Any CPU
		{C6A8223C-6E6D-4B4E-A7CC-583658FBD5E9}.Release|Any CPU.ActiveCfg = Release|Any CPU
		{C6A8223C-6E6D-4B4E-A7CC-583658FBD5E9}.Release|Any CPU.Build.0 = Release|Any CPU
		{C6A8223C-6E6D-4B4E-A7CC-583658FBD5E9}.Release|x64.ActiveCfg = Release|Any CPU
		{C6A8223C-6E6D-4B4E-A7CC-583658FBD5E9}.Release|x64.Build.0 = Release|Any CPU
		{C6A8223C-6E6D-4B4E-A7CC-583658FBD5E9}.Release|x86.ActiveCfg = Release|Any CPU
		{C6A8223C-6E6D-4B4E-A7CC-583658FBD5E9}.Release|x86.Build.0 = Release|Any CPU
		{03B41E69-9F07-4327-89A5-AE7DA61D83E6}.Debug|Any CPU.ActiveCfg = Debug|Any CPU
		{03B41E69-9F07-4327-89A5-AE7DA61D83E6}.Debug|Any CPU.Build.0 = Debug|Any CPU
		{03B41E69-9F07-4327-89A5-AE7DA61D83E6}.Debug|x64.ActiveCfg = Debug|Any CPU
		{03B41E69-9F07-4327-89A5-AE7DA61D83E6}.Debug|x64.Build.0 = Debug|Any CPU
		{03B41E69-9F07-4327-89A5-AE7DA61D83E6}.Debug|x86.ActiveCfg = Debug|Any CPU
		{03B41E69-9F07-4327-89A5-AE7DA61D83E6}.Debug|x86.Build.0 = Debug|Any CPU
		{03B41E69-9F07-4327-89A5-AE7DA61D83E6}.Release|Any CPU.ActiveCfg = Release|Any CPU
		{03B41E69-9F07-4327-89A5-AE7DA61D83E6}.Release|Any CPU.Build.0 = Release|Any CPU
		{03B41E69-9F07-4327-89A5-AE7DA61D83E6}.Release|x64.ActiveCfg = Release|Any CPU
		{03B41E69-9F07-4327-89A5-AE7DA61D83E6}.Release|x64.Build.0 = Release|Any CPU
		{03B41E69-9F07-4327-89A5-AE7DA61D83E6}.Release|x86.ActiveCfg = Release|Any CPU
		{03B41E69-9F07-4327-89A5-AE7DA61D83E6}.Release|x86.Build.0 = Release|Any CPU
		{B170DA7C-1EDE-48B2-BF7C-0AD0EAAA9CD9}.Debug|Any CPU.ActiveCfg = Debug|Any CPU
		{B170DA7C-1EDE-48B2-BF7C-0AD0EAAA9CD9}.Debug|Any CPU.Build.0 = Debug|Any CPU
		{B170DA7C-1EDE-48B2-BF7C-0AD0EAAA9CD9}.Debug|x64.ActiveCfg = Debug|Any CPU
		{B170DA7C-1EDE-48B2-BF7C-0AD0EAAA9CD9}.Debug|x64.Build.0 = Debug|Any CPU
		{B170DA7C-1EDE-48B2-BF7C-0AD0EAAA9CD9}.Debug|x86.ActiveCfg = Debug|Any CPU
		{B170DA7C-1EDE-48B2-BF7C-0AD0EAAA9CD9}.Debug|x86.Build.0 = Debug|Any CPU
		{B170DA7C-1EDE-48B2-BF7C-0AD0EAAA9CD9}.Release|Any CPU.ActiveCfg = Release|Any CPU
		{B170DA7C-1EDE-48B2-BF7C-0AD0EAAA9CD9}.Release|Any CPU.Build.0 = Release|Any CPU
		{B170DA7C-1EDE-48B2-BF7C-0AD0EAAA9CD9}.Release|x64.ActiveCfg = Release|Any CPU
		{B170DA7C-1EDE-48B2-BF7C-0AD0EAAA9CD9}.Release|x64.Build.0 = Release|Any CPU
		{B170DA7C-1EDE-48B2-BF7C-0AD0EAAA9CD9}.Release|x86.ActiveCfg = Release|Any CPU
		{B170DA7C-1EDE-48B2-BF7C-0AD0EAAA9CD9}.Release|x86.Build.0 = Release|Any CPU
		{C07E9E5F-60DD-4D18-A26C-CDB803BC5C12}.Debug|Any CPU.ActiveCfg = Debug|Any CPU
		{C07E9E5F-60DD-4D18-A26C-CDB803BC5C12}.Debug|Any CPU.Build.0 = Debug|Any CPU
		{C07E9E5F-60DD-4D18-A26C-CDB803BC5C12}.Debug|x64.ActiveCfg = Debug|Any CPU
		{C07E9E5F-60DD-4D18-A26C-CDB803BC5C12}.Debug|x64.Build.0 = Debug|Any CPU
		{C07E9E5F-60DD-4D18-A26C-CDB803BC5C12}.Debug|x86.ActiveCfg = Debug|Any CPU
		{C07E9E5F-60DD-4D18-A26C-CDB803BC5C12}.Debug|x86.Build.0 = Debug|Any CPU
		{C07E9E5F-60DD-4D18-A26C-CDB803BC5C12}.Release|Any CPU.ActiveCfg = Release|Any CPU
		{C07E9E5F-60DD-4D18-A26C-CDB803BC5C12}.Release|Any CPU.Build.0 = Release|Any CPU
		{C07E9E5F-60DD-4D18-A26C-CDB803BC5C12}.Release|x64.ActiveCfg = Release|Any CPU
		{C07E9E5F-60DD-4D18-A26C-CDB803BC5C12}.Release|x64.Build.0 = Release|Any CPU
		{C07E9E5F-60DD-4D18-A26C-CDB803BC5C12}.Release|x86.ActiveCfg = Release|Any CPU
		{C07E9E5F-60DD-4D18-A26C-CDB803BC5C12}.Release|x86.Build.0 = Release|Any CPU
		{CF5D46B0-1070-4336-B1AA-793B087ED3C1}.Debug|Any CPU.ActiveCfg = Debug|Any CPU
		{CF5D46B0-1070-4336-B1AA-793B087ED3C1}.Debug|Any CPU.Build.0 = Debug|Any CPU
		{CF5D46B0-1070-4336-B1AA-793B087ED3C1}.Debug|x64.ActiveCfg = Debug|Any CPU
		{CF5D46B0-1070-4336-B1AA-793B087ED3C1}.Debug|x64.Build.0 = Debug|Any CPU
		{CF5D46B0-1070-4336-B1AA-793B087ED3C1}.Debug|x86.ActiveCfg = Debug|Any CPU
		{CF5D46B0-1070-4336-B1AA-793B087ED3C1}.Debug|x86.Build.0 = Debug|Any CPU
		{CF5D46B0-1070-4336-B1AA-793B087ED3C1}.Release|Any CPU.ActiveCfg = Release|Any CPU
		{CF5D46B0-1070-4336-B1AA-793B087ED3C1}.Release|Any CPU.Build.0 = Release|Any CPU
		{CF5D46B0-1070-4336-B1AA-793B087ED3C1}.Release|x64.ActiveCfg = Release|Any CPU
		{CF5D46B0-1070-4336-B1AA-793B087ED3C1}.Release|x64.Build.0 = Release|Any CPU
		{CF5D46B0-1070-4336-B1AA-793B087ED3C1}.Release|x86.ActiveCfg = Release|Any CPU
		{CF5D46B0-1070-4336-B1AA-793B087ED3C1}.Release|x86.Build.0 = Release|Any CPU
		{ECE35F9D-8DBA-4A7D-AAE1-77C9A8C51300}.Debug|Any CPU.ActiveCfg = Debug|Any CPU
		{ECE35F9D-8DBA-4A7D-AAE1-77C9A8C51300}.Debug|Any CPU.Build.0 = Debug|Any CPU
		{ECE35F9D-8DBA-4A7D-AAE1-77C9A8C51300}.Debug|x64.ActiveCfg = Debug|Any CPU
		{ECE35F9D-8DBA-4A7D-AAE1-77C9A8C51300}.Debug|x64.Build.0 = Debug|Any CPU
		{ECE35F9D-8DBA-4A7D-AAE1-77C9A8C51300}.Debug|x86.ActiveCfg = Debug|Any CPU
		{ECE35F9D-8DBA-4A7D-AAE1-77C9A8C51300}.Debug|x86.Build.0 = Debug|Any CPU
		{ECE35F9D-8DBA-4A7D-AAE1-77C9A8C51300}.Release|Any CPU.ActiveCfg = Release|Any CPU
		{ECE35F9D-8DBA-4A7D-AAE1-77C9A8C51300}.Release|Any CPU.Build.0 = Release|Any CPU
		{ECE35F9D-8DBA-4A7D-AAE1-77C9A8C51300}.Release|x64.ActiveCfg = Release|Any CPU
		{ECE35F9D-8DBA-4A7D-AAE1-77C9A8C51300}.Release|x64.Build.0 = Release|Any CPU
		{ECE35F9D-8DBA-4A7D-AAE1-77C9A8C51300}.Release|x86.ActiveCfg = Release|Any CPU
		{ECE35F9D-8DBA-4A7D-AAE1-77C9A8C51300}.Release|x86.Build.0 = Release|Any CPU
	EndGlobalSection
EndGlobal
