
Microsoft Visual Studio Solution File, Format Version 12.00
# Visual Studio Version 16
VisualStudioVersion = 16.0.31313.79
MinimumVisualStudioVersion = 10.0.40219.1
Project("{9A19103F-16F7-4668-BE54-9A1E7A4F7556}") = "M08L05SQLServerUI", "M08L05SQLServerUI\M08L05SQLServerUI.csproj", "{97ADC6E9-6E58-4192-A8AB-6F06BAD5F728}"
EndProject
Project("{9A19103F-16F7-4668-BE54-9A1E7A4F7556}") = "DataAccessLibrary", "DataAccessLibrary\DataAccessLibrary.csproj", "{879BFBD5-B97A-4714-84FC-3E731E98A870}"
EndProject
Project("{00D1A9C2-B5F0-4AF3-8072-F6C62B433612}") = "SQLContactsDB", "SQLContactsDB\SQLContactsDB.sqlproj", "{EEE8F40C-F1D6-4624-8154-BB0842FE0645}"
EndProject
Global
	GlobalSection(SolutionConfigurationPlatforms) = preSolution
		Debug|Any CPU = Debug|Any CPU
		Release|Any CPU = Release|Any CPU
	EndGlobalSection
	GlobalSection(ProjectConfigurationPlatforms) = postSolution
		{97ADC6E9-6E58-4192-A8AB-6F06BAD5F728}.Debug|Any CPU.ActiveCfg = Debug|Any CPU
		{97ADC6E9-6E58-4192-A8AB-6F06BAD5F728}.Debug|Any CPU.Build.0 = Debug|Any CPU
		{97ADC6E9-6E58-4192-A8AB-6F06BAD5F728}.Release|Any CPU.ActiveCfg = Release|Any CPU
		{97ADC6E9-6E58-4192-A8AB-6F06BAD5F728}.Release|Any CPU.Build.0 = Release|Any CPU
		{879BFBD5-B97A-4714-84FC-3E731E98A870}.Debug|Any CPU.ActiveCfg = Debug|Any CPU
		{879BFBD5-B97A-4714-84FC-3E731E98A870}.Debug|Any CPU.Build.0 = Debug|Any CPU
		{879BFBD5-B97A-4714-84FC-3E731E98A870}.Release|Any CPU.ActiveCfg = Release|Any CPU
		{879BFBD5-B97A-4714-84FC-3E731E98A870}.Release|Any CPU.Build.0 = Release|Any CPU
		{EEE8F40C-F1D6-4624-8154-BB0842FE0645}.Debug|Any CPU.ActiveCfg = Debug|Any CPU
		{EEE8F40C-F1D6-4624-8154-BB0842FE0645}.Debug|Any CPU.Build.0 = Debug|Any CPU
		{EEE8F40C-F1D6-4624-8154-BB0842FE0645}.Debug|Any CPU.Deploy.0 = Debug|Any CPU
		{EEE8F40C-F1D6-4624-8154-BB0842FE0645}.Release|Any CPU.ActiveCfg = Release|Any CPU
		{EEE8F40C-F1D6-4624-8154-BB0842FE0645}.Release|Any CPU.Build.0 = Release|Any CPU
		{EEE8F40C-F1D6-4624-8154-BB0842FE0645}.Release|Any CPU.Deploy.0 = Release|Any CPU
	EndGlobalSection
	GlobalSection(SolutionProperties) = preSolution
		HideSolutionNode = FALSE
	EndGlobalSection
	GlobalSection(ExtensibilityGlobals) = postSolution
		SolutionGuid = {CB2CE5C9-6A9E-476B-922B-F28D73F44734}
	EndGlobalSection
EndGlobal
