
Microsoft Visual Studio Solution File, Format Version 12.00
# Visual Studio Version 16
VisualStudioVersion = 16.0.31313.79
MinimumVisualStudioVersion = 10.0.40219.1
Project("{9A19103F-16F7-4668-BE54-9A1E7A4F7556}") = "M07L09HomeWorkWPFCore", "M07L09HomeWorkWPFCore\M07L09HomeWorkWPFCore.csproj", "{D2F493E4-7918-413B-957F-2B8A00A2BAC0}"
EndProject
Project("{FAE04EC0-301F-11D3-BF4B-00C04F79EFBC}") = "HomeWorkLibrary", "HomeWorkLibrary\HomeWorkLibrary.csproj", "{490B8CDB-A2D3-46FC-930A-64918F2F75D2}"
EndProject
Global
	GlobalSection(SolutionConfigurationPlatforms) = preSolution
		Debug|Any CPU = Debug|Any CPU
		Release|Any CPU = Release|Any CPU
	EndGlobalSection
	GlobalSection(ProjectConfigurationPlatforms) = postSolution
		{D2F493E4-7918-413B-957F-2B8A00A2BAC0}.Debug|Any CPU.ActiveCfg = Debug|Any CPU
		{D2F493E4-7918-413B-957F-2B8A00A2BAC0}.Debug|Any CPU.Build.0 = Debug|Any CPU
		{D2F493E4-7918-413B-957F-2B8A00A2BAC0}.Release|Any CPU.ActiveCfg = Release|Any CPU
		{D2F493E4-7918-413B-957F-2B8A00A2BAC0}.Release|Any CPU.Build.0 = Release|Any CPU
		{490B8CDB-A2D3-46FC-930A-64918F2F75D2}.Debug|Any CPU.ActiveCfg = Debug|Any CPU
		{490B8CDB-A2D3-46FC-930A-64918F2F75D2}.Debug|Any CPU.Build.0 = Debug|Any CPU
		{490B8CDB-A2D3-46FC-930A-64918F2F75D2}.Release|Any CPU.ActiveCfg = Release|Any CPU
		{490B8CDB-A2D3-46FC-930A-64918F2F75D2}.Release|Any CPU.Build.0 = Release|Any CPU
	EndGlobalSection
	GlobalSection(SolutionProperties) = preSolution
		HideSolutionNode = FALSE
	EndGlobalSection
	GlobalSection(ExtensibilityGlobals) = postSolution
		SolutionGuid = {4F60E48E-13BB-48F6-843E-E28DD9D5B946}
	EndGlobalSection
EndGlobal
