
Microsoft Visual Studio Solution File, Format Version 12.00
# Visual Studio Version 16
VisualStudioVersion = 16.6.30114.105
MinimumVisualStudioVersion = 10.0.40219.1
Project("{FAE04EC0-301F-11D3-BF4B-00C04F79EFBC}") = "0103Introduction", "0103Introduction\0103Introduction.csproj", "{4CCD7BBD-DEEC-48BA-967F-78AFDC0768DB}"
EndProject
Project("{FAE04EC0-301F-11D3-BF4B-00C04F79EFBC}") = "0211BasicVariables", "0211BasicVariables\0211BasicVariables.csproj", "{AC5BC888-1D7C-4A07-A69A-1776BA686951}"
EndProject
Project("{FAE04EC0-301F-11D3-BF4B-00C04F79EFBC}") = "0213TypeConversion", "0213TypeConversion\0213TypeConversion.csproj", "{B504DBCF-9560-45EB-86DE-A67AD1E0E773}"
EndProject
Project("{FAE04EC0-301F-11D3-BF4B-00C04F79EFBC}") = "0221DoWhile", "0221DoWhile\0221DoWhile.csproj", "{B826CCF4-F7F4-4412-BF55-A72AFEDCC528}"
EndProject
Global
	GlobalSection(SolutionConfigurationPlatforms) = preSolution
		Debug|Any CPU = Debug|Any CPU
		Debug|x64 = Debug|x64
		Debug|x86 = Debug|x86
		Release|Any CPU = Release|Any CPU
		Release|x64 = Release|x64
		Release|x86 = Release|x86
	EndGlobalSection
	GlobalSection(SolutionProperties) = preSolution
		HideSolutionNode = FALSE
	EndGlobalSection
	GlobalSection(ProjectConfigurationPlatforms) = postSolution
		{4CCD7BBD-DEEC-48BA-967F-78AFDC0768DB}.Debug|Any CPU.ActiveCfg = Debug|Any CPU
		{4CCD7BBD-DEEC-48BA-967F-78AFDC0768DB}.Debug|Any CPU.Build.0 = Debug|Any CPU
		{4CCD7BBD-DEEC-48BA-967F-78AFDC0768DB}.Debug|x64.ActiveCfg = Debug|Any CPU
		{4CCD7BBD-DEEC-48BA-967F-78AFDC0768DB}.Debug|x64.Build.0 = Debug|Any CPU
		{4CCD7BBD-DEEC-48BA-967F-78AFDC0768DB}.Debug|x86.ActiveCfg = Debug|Any CPU
		{4CCD7BBD-DEEC-48BA-967F-78AFDC0768DB}.Debug|x86.Build.0 = Debug|Any CPU
		{4CCD7BBD-DEEC-48BA-967F-78AFDC0768DB}.Release|Any CPU.ActiveCfg = Release|Any CPU
		{4CCD7BBD-DEEC-48BA-967F-78AFDC0768DB}.Release|Any CPU.Build.0 = Release|Any CPU
		{4CCD7BBD-DEEC-48BA-967F-78AFDC0768DB}.Release|x64.ActiveCfg = Release|Any CPU
		{4CCD7BBD-DEEC-48BA-967F-78AFDC0768DB}.Release|x64.Build.0 = Release|Any CPU
		{4CCD7BBD-DEEC-48BA-967F-78AFDC0768DB}.Release|x86.ActiveCfg = Release|Any CPU
		{4CCD7BBD-DEEC-48BA-967F-78AFDC0768DB}.Release|x86.Build.0 = Release|Any CPU
		{AC5BC888-1D7C-4A07-A69A-1776BA686951}.Debug|Any CPU.ActiveCfg = Debug|Any CPU
		{AC5BC888-1D7C-4A07-A69A-1776BA686951}.Debug|Any CPU.Build.0 = Debug|Any CPU
		{AC5BC888-1D7C-4A07-A69A-1776BA686951}.Debug|x64.ActiveCfg = Debug|Any CPU
		{AC5BC888-1D7C-4A07-A69A-1776BA686951}.Debug|x64.Build.0 = Debug|Any CPU
		{AC5BC888-1D7C-4A07-A69A-1776BA686951}.Debug|x86.ActiveCfg = Debug|Any CPU
		{AC5BC888-1D7C-4A07-A69A-1776BA686951}.Debug|x86.Build.0 = Debug|Any CPU
		{AC5BC888-1D7C-4A07-A69A-1776BA686951}.Release|Any CPU.ActiveCfg = Release|Any CPU
		{AC5BC888-1D7C-4A07-A69A-1776BA686951}.Release|Any CPU.Build.0 = Release|Any CPU
		{AC5BC888-1D7C-4A07-A69A-1776BA686951}.Release|x64.ActiveCfg = Release|Any CPU
		{AC5BC888-1D7C-4A07-A69A-1776BA686951}.Release|x64.Build.0 = Release|Any CPU
		{AC5BC888-1D7C-4A07-A69A-1776BA686951}.Release|x86.ActiveCfg = Release|Any CPU
		{AC5BC888-1D7C-4A07-A69A-1776BA686951}.Release|x86.Build.0 = Release|Any CPU
		{B504DBCF-9560-45EB-86DE-A67AD1E0E773}.Debug|Any CPU.ActiveCfg = Debug|Any CPU
		{B504DBCF-9560-45EB-86DE-A67AD1E0E773}.Debug|Any CPU.Build.0 = Debug|Any CPU
		{B504DBCF-9560-45EB-86DE-A67AD1E0E773}.Debug|x64.ActiveCfg = Debug|Any CPU
		{B504DBCF-9560-45EB-86DE-A67AD1E0E773}.Debug|x64.Build.0 = Debug|Any CPU
		{B504DBCF-9560-45EB-86DE-A67AD1E0E773}.Debug|x86.ActiveCfg = Debug|Any CPU
		{B504DBCF-9560-45EB-86DE-A67AD1E0E773}.Debug|x86.Build.0 = Debug|Any CPU
		{B504DBCF-9560-45EB-86DE-A67AD1E0E773}.Release|Any CPU.ActiveCfg = Release|Any CPU
		{B504DBCF-9560-45EB-86DE-A67AD1E0E773}.Release|Any CPU.Build.0 = Release|Any CPU
		{B504DBCF-9560-45EB-86DE-A67AD1E0E773}.Release|x64.ActiveCfg = Release|Any CPU
		{B504DBCF-9560-45EB-86DE-A67AD1E0E773}.Release|x64.Build.0 = Release|Any CPU
		{B504DBCF-9560-45EB-86DE-A67AD1E0E773}.Release|x86.ActiveCfg = Release|Any CPU
		{B504DBCF-9560-45EB-86DE-A67AD1E0E773}.Release|x86.Build.0 = Release|Any CPU
		{B826CCF4-F7F4-4412-BF55-A72AFEDCC528}.Debug|Any CPU.ActiveCfg = Debug|Any CPU
		{B826CCF4-F7F4-4412-BF55-A72AFEDCC528}.Debug|Any CPU.Build.0 = Debug|Any CPU
		{B826CCF4-F7F4-4412-BF55-A72AFEDCC528}.Debug|x64.ActiveCfg = Debug|Any CPU
		{B826CCF4-F7F4-4412-BF55-A72AFEDCC528}.Debug|x64.Build.0 = Debug|Any CPU
		{B826CCF4-F7F4-4412-BF55-A72AFEDCC528}.Debug|x86.ActiveCfg = Debug|Any CPU
		{B826CCF4-F7F4-4412-BF55-A72AFEDCC528}.Debug|x86.Build.0 = Debug|Any CPU
		{B826CCF4-F7F4-4412-BF55-A72AFEDCC528}.Release|Any CPU.ActiveCfg = Release|Any CPU
		{B826CCF4-F7F4-4412-BF55-A72AFEDCC528}.Release|Any CPU.Build.0 = Release|Any CPU
		{B826CCF4-F7F4-4412-BF55-A72AFEDCC528}.Release|x64.ActiveCfg = Release|Any CPU
		{B826CCF4-F7F4-4412-BF55-A72AFEDCC528}.Release|x64.Build.0 = Release|Any CPU
		{B826CCF4-F7F4-4412-BF55-A72AFEDCC528}.Release|x86.ActiveCfg = Release|Any CPU
		{B826CCF4-F7F4-4412-BF55-A72AFEDCC528}.Release|x86.Build.0 = Release|Any CPU
	EndGlobalSection
EndGlobal
