
Microsoft Visual Studio Solution File, Format Version 12.00
# Visual Studio Version 16
VisualStudioVersion = 16.0.29512.175
MinimumVisualStudioVersion = 10.0.40219.1
Project("{FAE04EC0-301F-11D3-BF4B-00C04F79EFBC}") = "MongoDBUI", "MongoDBUI\MongoDBUI.csproj", "{988B1EA1-F467-43E6-922B-DB28F5D20582}"
EndProject
Project("{FAE04EC0-301F-11D3-BF4B-00C04F79EFBC}") = "DataAccessLibrary", "DataAccessLibrary\DataAccessLibrary.csproj", "{9F50F48D-C9E7-42F4-9EA8-C913FDE8D4C6}"
EndProject
Project("{FAE04EC0-301F-11D3-BF4B-00C04F79EFBC}") = "CosmosDBUI", "CosmosDBUI\CosmosDBUI.csproj", "{847E7213-6BD2-40F9-9B27-A08D5FC6DF6E}"
EndProject
Global
	GlobalSection(SolutionConfigurationPlatforms) = preSolution
		Debug|Any CPU = Debug|Any CPU
		Release|Any CPU = Release|Any CPU
	EndGlobalSection
	GlobalSection(ProjectConfigurationPlatforms) = postSolution
		{988B1EA1-F467-43E6-922B-DB28F5D20582}.Debug|Any CPU.ActiveCfg = Debug|Any CPU
		{988B1EA1-F467-43E6-922B-DB28F5D20582}.Debug|Any CPU.Build.0 = Debug|Any CPU
		{988B1EA1-F467-43E6-922B-DB28F5D20582}.Release|Any CPU.ActiveCfg = Release|Any CPU
		{988B1EA1-F467-43E6-922B-DB28F5D20582}.Release|Any CPU.Build.0 = Release|Any CPU
		{9F50F48D-C9E7-42F4-9EA8-C913FDE8D4C6}.Debug|Any CPU.ActiveCfg = Debug|Any CPU
		{9F50F48D-C9E7-42F4-9EA8-C913FDE8D4C6}.Debug|Any CPU.Build.0 = Debug|Any CPU
		{9F50F48D-C9E7-42F4-9EA8-C913FDE8D4C6}.Release|Any CPU.ActiveCfg = Release|Any CPU
		{9F50F48D-C9E7-42F4-9EA8-C913FDE8D4C6}.Release|Any CPU.Build.0 = Release|Any CPU
		{847E7213-6BD2-40F9-9B27-A08D5FC6DF6E}.Debug|Any CPU.ActiveCfg = Debug|Any CPU
		{847E7213-6BD2-40F9-9B27-A08D5FC6DF6E}.Debug|Any CPU.Build.0 = Debug|Any CPU
		{847E7213-6BD2-40F9-9B27-A08D5FC6DF6E}.Release|Any CPU.ActiveCfg = Release|Any CPU
		{847E7213-6BD2-40F9-9B27-A08D5FC6DF6E}.Release|Any CPU.Build.0 = Release|Any CPU
	EndGlobalSection
	GlobalSection(SolutionProperties) = preSolution
		HideSolutionNode = FALSE
	EndGlobalSection
	GlobalSection(ExtensibilityGlobals) = postSolution
		SolutionGuid = {5C457C2C-1DBC-4656-915B-B6A6D20F5B33}
	EndGlobalSection
EndGlobal
