
Microsoft Visual Studio Solution File, Format Version 12.00
# Visual Studio Version 16
VisualStudioVersion = 16.0.31313.79
MinimumVisualStudioVersion = 10.0.40219.1
Project("{FAE04EC0-301F-11D3-BF4B-00C04F79EFBC}") = "M07L08WPFMessageWall", "M07L08WPFMessageWall\M07L08WPFMessageWall.csproj", "{9D1AA1DB-253A-4E3F-A2F4-BD72F4F8FF41}"
EndProject
Project("{FAE04EC0-301F-11D3-BF4B-00C04F79EFBC}") = "WPFFrameworkDemoUI", "WPFFrameworkDemoUI\WPFFrameworkDemoUI.csproj", "{D6A00F50-0C1B-498F-8575-4A73281EBF05}"
EndProject
Global
	GlobalSection(SolutionConfigurationPlatforms) = preSolution
		Debug|Any CPU = Debug|Any CPU
		Release|Any CPU = Release|Any CPU
	EndGlobalSection
	GlobalSection(ProjectConfigurationPlatforms) = postSolution
		{9D1AA1DB-253A-4E3F-A2F4-BD72F4F8FF41}.Debug|Any CPU.ActiveCfg = Debug|Any CPU
		{9D1AA1DB-253A-4E3F-A2F4-BD72F4F8FF41}.Debug|Any CPU.Build.0 = Debug|Any CPU
		{9D1AA1DB-253A-4E3F-A2F4-BD72F4F8FF41}.Release|Any CPU.ActiveCfg = Release|Any CPU
		{9D1AA1DB-253A-4E3F-A2F4-BD72F4F8FF41}.Release|Any CPU.Build.0 = Release|Any CPU
		{D6A00F50-0C1B-498F-8575-4A73281EBF05}.Debug|Any CPU.ActiveCfg = Debug|Any CPU
		{D6A00F50-0C1B-498F-8575-4A73281EBF05}.Debug|Any CPU.Build.0 = Debug|Any CPU
		{D6A00F50-0C1B-498F-8575-4A73281EBF05}.Release|Any CPU.ActiveCfg = Release|Any CPU
		{D6A00F50-0C1B-498F-8575-4A73281EBF05}.Release|Any CPU.Build.0 = Release|Any CPU
	EndGlobalSection
	GlobalSection(SolutionProperties) = preSolution
		HideSolutionNode = FALSE
	EndGlobalSection
	GlobalSection(ExtensibilityGlobals) = postSolution
		SolutionGuid = {E69197C2-1E81-4EC4-9526-05C2ED4D046B}
	EndGlobalSection
EndGlobal
