
Microsoft Visual Studio Solution File, Format Version 12.00
# Visual Studio Version 16
VisualStudioVersion = 16.0.31321.278
MinimumVisualStudioVersion = 10.0.40219.1
Project("{FAE04EC0-301F-11D3-BF4B-00C04F79EFBC}") = "M08L05HomeworkSQLServerAccess", "M08L05HomeworkSQLServerAccess\M08L05HomeworkSQLServerAccess.csproj", "{358BE609-2DE2-475B-B0A2-2C94E2434F75}"
EndProject
Project("{FAE04EC0-301F-11D3-BF4B-00C04F79EFBC}") = "DataAccess.Library", "DataAccess.Library\DataAccess.Library.csproj", "{293EB53F-9AB8-4510-A0CF-53DF3DE03273}"
EndProject
Project("{00D1A9C2-B5F0-4AF3-8072-F6C62B433612}") = "SQLEmployee", "SQLEmployee\SQLEmployee.sqlproj", "{EE89D067-EF3C-477D-829B-A4DBFD8280E1}"
EndProject
Global
	GlobalSection(SolutionConfigurationPlatforms) = preSolution
		Debug|Any CPU = Debug|Any CPU
		Release|Any CPU = Release|Any CPU
	EndGlobalSection
	GlobalSection(ProjectConfigurationPlatforms) = postSolution
		{358BE609-2DE2-475B-B0A2-2C94E2434F75}.Debug|Any CPU.ActiveCfg = Debug|Any CPU
		{358BE609-2DE2-475B-B0A2-2C94E2434F75}.Debug|Any CPU.Build.0 = Debug|Any CPU
		{358BE609-2DE2-475B-B0A2-2C94E2434F75}.Release|Any CPU.ActiveCfg = Release|Any CPU
		{358BE609-2DE2-475B-B0A2-2C94E2434F75}.Release|Any CPU.Build.0 = Release|Any CPU
		{293EB53F-9AB8-4510-A0CF-53DF3DE03273}.Debug|Any CPU.ActiveCfg = Debug|Any CPU
		{293EB53F-9AB8-4510-A0CF-53DF3DE03273}.Debug|Any CPU.Build.0 = Debug|Any CPU
		{293EB53F-9AB8-4510-A0CF-53DF3DE03273}.Release|Any CPU.ActiveCfg = Release|Any CPU
		{293EB53F-9AB8-4510-A0CF-53DF3DE03273}.Release|Any CPU.Build.0 = Release|Any CPU
		{EE89D067-EF3C-477D-829B-A4DBFD8280E1}.Debug|Any CPU.ActiveCfg = Debug|Any CPU
		{EE89D067-EF3C-477D-829B-A4DBFD8280E1}.Debug|Any CPU.Build.0 = Debug|Any CPU
		{EE89D067-EF3C-477D-829B-A4DBFD8280E1}.Debug|Any CPU.Deploy.0 = Debug|Any CPU
		{EE89D067-EF3C-477D-829B-A4DBFD8280E1}.Release|Any CPU.ActiveCfg = Release|Any CPU
		{EE89D067-EF3C-477D-829B-A4DBFD8280E1}.Release|Any CPU.Build.0 = Release|Any CPU
		{EE89D067-EF3C-477D-829B-A4DBFD8280E1}.Release|Any CPU.Deploy.0 = Release|Any CPU
	EndGlobalSection
	GlobalSection(SolutionProperties) = preSolution
		HideSolutionNode = FALSE
	EndGlobalSection
	GlobalSection(ExtensibilityGlobals) = postSolution
		SolutionGuid = {FD62144A-7706-41D8-AC28-A2A3AC31E662}
	EndGlobalSection
EndGlobal
