
Microsoft Visual Studio Solution File, Format Version 12.00
# Visual Studio Version 16
VisualStudioVersion = 16.0.31313.79
MinimumVisualStudioVersion = 10.0.40219.1
Project("{FAE04EC0-301F-11D3-BF4B-00C04F79EFBC}") = "M07L03ClassLibraryUI", "M07L03ClassLibraryUI\M07L03ClassLibraryUI.csproj", "{F393D22F-9971-4B6E-94E9-C3DADF31E50D}"
EndProject
Project("{FAE04EC0-301F-11D3-BF4B-00C04F79EFBC}") = "FrameworkLibrary", "FrameworkLibrary\FrameworkLibrary.csproj", "{1DD450E4-4493-4B4F-ABFE-D21FA20A5226}"
EndProject
Project("{FAE04EC0-301F-11D3-BF4B-00C04F79EFBC}") = "CoreLibrary", "CoreLibrary\CoreLibrary.csproj", "{2E67B788-FB0D-439D-AD7A-F68659586D26}"
EndProject
Project("{FAE04EC0-301F-11D3-BF4B-00C04F79EFBC}") = "StandardLibrary", "StandardLibrary\StandardLibrary.csproj", "{4FAA3FF4-EA5F-45C9-925B-66B391186C8D}"
EndProject
Project("{FAE04EC0-301F-11D3-BF4B-00C04F79EFBC}") = "CalculatorLibrary", "CalculatorLibrary\CalculatorLibrary.csproj", "{CDC6FC9E-E2CB-4F07-9783-3222646110BA}"
EndProject
Global
	GlobalSection(SolutionConfigurationPlatforms) = preSolution
		Debug|Any CPU = Debug|Any CPU
		Release|Any CPU = Release|Any CPU
	EndGlobalSection
	GlobalSection(ProjectConfigurationPlatforms) = postSolution
		{F393D22F-9971-4B6E-94E9-C3DADF31E50D}.Debug|Any CPU.ActiveCfg = Debug|Any CPU
		{F393D22F-9971-4B6E-94E9-C3DADF31E50D}.Debug|Any CPU.Build.0 = Debug|Any CPU
		{F393D22F-9971-4B6E-94E9-C3DADF31E50D}.Release|Any CPU.ActiveCfg = Release|Any CPU
		{F393D22F-9971-4B6E-94E9-C3DADF31E50D}.Release|Any CPU.Build.0 = Release|Any CPU
		{1DD450E4-4493-4B4F-ABFE-D21FA20A5226}.Debug|Any CPU.ActiveCfg = Debug|Any CPU
		{1DD450E4-4493-4B4F-ABFE-D21FA20A5226}.Debug|Any CPU.Build.0 = Debug|Any CPU
		{1DD450E4-4493-4B4F-ABFE-D21FA20A5226}.Release|Any CPU.ActiveCfg = Release|Any CPU
		{1DD450E4-4493-4B4F-ABFE-D21FA20A5226}.Release|Any CPU.Build.0 = Release|Any CPU
		{2E67B788-FB0D-439D-AD7A-F68659586D26}.Debug|Any CPU.ActiveCfg = Debug|Any CPU
		{2E67B788-FB0D-439D-AD7A-F68659586D26}.Debug|Any CPU.Build.0 = Debug|Any CPU
		{2E67B788-FB0D-439D-AD7A-F68659586D26}.Release|Any CPU.ActiveCfg = Release|Any CPU
		{2E67B788-FB0D-439D-AD7A-F68659586D26}.Release|Any CPU.Build.0 = Release|Any CPU
		{4FAA3FF4-EA5F-45C9-925B-66B391186C8D}.Debug|Any CPU.ActiveCfg = Debug|Any CPU
		{4FAA3FF4-EA5F-45C9-925B-66B391186C8D}.Debug|Any CPU.Build.0 = Debug|Any CPU
		{4FAA3FF4-EA5F-45C9-925B-66B391186C8D}.Release|Any CPU.ActiveCfg = Release|Any CPU
		{4FAA3FF4-EA5F-45C9-925B-66B391186C8D}.Release|Any CPU.Build.0 = Release|Any CPU
		{CDC6FC9E-E2CB-4F07-9783-3222646110BA}.Debug|Any CPU.ActiveCfg = Debug|Any CPU
		{CDC6FC9E-E2CB-4F07-9783-3222646110BA}.Debug|Any CPU.Build.0 = Debug|Any CPU
		{CDC6FC9E-E2CB-4F07-9783-3222646110BA}.Release|Any CPU.ActiveCfg = Release|Any CPU
		{CDC6FC9E-E2CB-4F07-9783-3222646110BA}.Release|Any CPU.Build.0 = Release|Any CPU
	EndGlobalSection
	GlobalSection(SolutionProperties) = preSolution
		HideSolutionNode = FALSE
	EndGlobalSection
	GlobalSection(ExtensibilityGlobals) = postSolution
		SolutionGuid = {C36EF604-AE31-4D98-B8AC-DC0E0816A340}
	EndGlobalSection
EndGlobal
