
Microsoft Visual Studio Solution File, Format Version 12.00
# Visual Studio Version 16
VisualStudioVersion = 16.0.31313.79
MinimumVisualStudioVersion = 10.0.40219.1
Project("{FAE04EC0-301F-11D3-BF4B-00C04F79EFBC}") = "M07L10RazorMessageWall", "M07L10RazorMessageWall\M07L10RazorMessageWall.csproj", "{BF686FDB-DF7E-4740-9BD3-FBE3358F2C60}"
EndProject
Global
	GlobalSection(SolutionConfigurationPlatforms) = preSolution
		Debug|Any CPU = Debug|Any CPU
		Release|Any CPU = Release|Any CPU
	EndGlobalSection
	GlobalSection(ProjectConfigurationPlatforms) = postSolution
		{BF686FDB-DF7E-4740-9BD3-FBE3358F2C60}.Debug|Any CPU.ActiveCfg = Debug|Any CPU
		{BF686FDB-DF7E-4740-9BD3-FBE3358F2C60}.Debug|Any CPU.Build.0 = Debug|Any CPU
		{BF686FDB-DF7E-4740-9BD3-FBE3358F2C60}.Release|Any CPU.ActiveCfg = Release|Any CPU
		{BF686FDB-DF7E-4740-9BD3-FBE3358F2C60}.Release|Any CPU.Build.0 = Release|Any CPU
	EndGlobalSection
	GlobalSection(SolutionProperties) = preSolution
		HideSolutionNode = FALSE
	EndGlobalSection
	GlobalSection(ExtensibilityGlobals) = postSolution
		SolutionGuid = {C9D2898E-B67B-4879-BCE9-9D23DECAF7E4}
	EndGlobalSection
EndGlobal
