
Microsoft Visual Studio Solution File, Format Version 12.00
# Visual Studio Version 16
VisualStudioVersion = 16.0.31313.79
MinimumVisualStudioVersion = 10.0.40219.1
Project("{FAE04EC0-301F-11D3-BF4B-00C04F79EFBC}") = "M0605AccessModifiersDemo", "M0605AccessModifiersDemo\M0605AccessModifiersDemo.csproj", "{EDE9FB5B-EE21-4C8B-AB0D-602C350EFAA0}"
EndProject
Project("{FAE04EC0-301F-11D3-BF4B-00C04F79EFBC}") = "DemoLibrary", "DemoLibrary\DemoLibrary.csproj", "{11D54C95-ABC7-4C4D-BBE2-1FB2CC4CD17B}"
EndProject
Global
	GlobalSection(SolutionConfigurationPlatforms) = preSolution
		Debug|Any CPU = Debug|Any CPU
		Release|Any CPU = Release|Any CPU
	EndGlobalSection
	GlobalSection(ProjectConfigurationPlatforms) = postSolution
		{EDE9FB5B-EE21-4C8B-AB0D-602C350EFAA0}.Debug|Any CPU.ActiveCfg = Debug|Any CPU
		{EDE9FB5B-EE21-4C8B-AB0D-602C350EFAA0}.Debug|Any CPU.Build.0 = Debug|Any CPU
		{EDE9FB5B-EE21-4C8B-AB0D-602C350EFAA0}.Release|Any CPU.ActiveCfg = Release|Any CPU
		{EDE9FB5B-EE21-4C8B-AB0D-602C350EFAA0}.Release|Any CPU.Build.0 = Release|Any CPU
		{11D54C95-ABC7-4C4D-BBE2-1FB2CC4CD17B}.Debug|Any CPU.ActiveCfg = Debug|Any CPU
		{11D54C95-ABC7-4C4D-BBE2-1FB2CC4CD17B}.Debug|Any CPU.Build.0 = Debug|Any CPU
		{11D54C95-ABC7-4C4D-BBE2-1FB2CC4CD17B}.Release|Any CPU.ActiveCfg = Release|Any CPU
		{11D54C95-ABC7-4C4D-BBE2-1FB2CC4CD17B}.Release|Any CPU.Build.0 = Release|Any CPU
	EndGlobalSection
	GlobalSection(SolutionProperties) = preSolution
		HideSolutionNode = FALSE
	EndGlobalSection
	GlobalSection(ExtensibilityGlobals) = postSolution
		SolutionGuid = {5B781AD4-4603-4394-9B91-60F257DA7F78}
	EndGlobalSection
EndGlobal
