
Microsoft Visual Studio Solution File, Format Version 12.00
# Visual Studio Version 16
VisualStudioVersion = 16.6.30114.105
MinimumVisualStudioVersion = 10.0.40219.1
Project("{FAE04EC0-301F-11D3-BF4B-00C04F79EFBC}") = "SimpleAPI", "SimpleAPI\SimpleAPI.csproj", "{944CD172-C7FD-449B-8DFF-94491C9AD947}"
EndProject
Project("{FAE04EC0-301F-11D3-BF4B-00C04F79EFBC}") = "DataAccessLibrary", "DataAccessLibrary\DataAccessLibrary.csproj", "{336187E0-E55C-40AA-B44A-38F8B00ABB0E}"
EndProject
Project("{FAE04EC0-301F-11D3-BF4B-00C04F79EFBC}") = "ApiDBUI", "ApiDBUI\ApiDBUI.csproj", "{38FA8896-7E04-4ADD-B75A-342CA0E90977}"
EndProject
Global
	GlobalSection(SolutionConfigurationPlatforms) = preSolution
		Debug|Any CPU = Debug|Any CPU
		Debug|x64 = Debug|x64
		Debug|x86 = Debug|x86
		Release|Any CPU = Release|Any CPU
		Release|x64 = Release|x64
		Release|x86 = Release|x86
	EndGlobalSection
	GlobalSection(SolutionProperties) = preSolution
		HideSolutionNode = FALSE
	EndGlobalSection
	GlobalSection(ProjectConfigurationPlatforms) = postSolution
		{944CD172-C7FD-449B-8DFF-94491C9AD947}.Debug|Any CPU.ActiveCfg = Debug|Any CPU
		{944CD172-C7FD-449B-8DFF-94491C9AD947}.Debug|Any CPU.Build.0 = Debug|Any CPU
		{944CD172-C7FD-449B-8DFF-94491C9AD947}.Debug|x64.ActiveCfg = Debug|Any CPU
		{944CD172-C7FD-449B-8DFF-94491C9AD947}.Debug|x64.Build.0 = Debug|Any CPU
		{944CD172-C7FD-449B-8DFF-94491C9AD947}.Debug|x86.ActiveCfg = Debug|Any CPU
		{944CD172-C7FD-449B-8DFF-94491C9AD947}.Debug|x86.Build.0 = Debug|Any CPU
		{944CD172-C7FD-449B-8DFF-94491C9AD947}.Release|Any CPU.ActiveCfg = Release|Any CPU
		{944CD172-C7FD-449B-8DFF-94491C9AD947}.Release|Any CPU.Build.0 = Release|Any CPU
		{944CD172-C7FD-449B-8DFF-94491C9AD947}.Release|x64.ActiveCfg = Release|Any CPU
		{944CD172-C7FD-449B-8DFF-94491C9AD947}.Release|x64.Build.0 = Release|Any CPU
		{944CD172-C7FD-449B-8DFF-94491C9AD947}.Release|x86.ActiveCfg = Release|Any CPU
		{944CD172-C7FD-449B-8DFF-94491C9AD947}.Release|x86.Build.0 = Release|Any CPU
		{336187E0-E55C-40AA-B44A-38F8B00ABB0E}.Debug|Any CPU.ActiveCfg = Debug|Any CPU
		{336187E0-E55C-40AA-B44A-38F8B00ABB0E}.Debug|Any CPU.Build.0 = Debug|Any CPU
		{336187E0-E55C-40AA-B44A-38F8B00ABB0E}.Debug|x64.ActiveCfg = Debug|Any CPU
		{336187E0-E55C-40AA-B44A-38F8B00ABB0E}.Debug|x64.Build.0 = Debug|Any CPU
		{336187E0-E55C-40AA-B44A-38F8B00ABB0E}.Debug|x86.ActiveCfg = Debug|Any CPU
		{336187E0-E55C-40AA-B44A-38F8B00ABB0E}.Debug|x86.Build.0 = Debug|Any CPU
		{336187E0-E55C-40AA-B44A-38F8B00ABB0E}.Release|Any CPU.ActiveCfg = Release|Any CPU
		{336187E0-E55C-40AA-B44A-38F8B00ABB0E}.Release|Any CPU.Build.0 = Release|Any CPU
		{336187E0-E55C-40AA-B44A-38F8B00ABB0E}.Release|x64.ActiveCfg = Release|Any CPU
		{336187E0-E55C-40AA-B44A-38F8B00ABB0E}.Release|x64.Build.0 = Release|Any CPU
		{336187E0-E55C-40AA-B44A-38F8B00ABB0E}.Release|x86.ActiveCfg = Release|Any CPU
		{336187E0-E55C-40AA-B44A-38F8B00ABB0E}.Release|x86.Build.0 = Release|Any CPU
		{38FA8896-7E04-4ADD-B75A-342CA0E90977}.Debug|Any CPU.ActiveCfg = Debug|Any CPU
		{38FA8896-7E04-4ADD-B75A-342CA0E90977}.Debug|Any CPU.Build.0 = Debug|Any CPU
		{38FA8896-7E04-4ADD-B75A-342CA0E90977}.Debug|x64.ActiveCfg = Debug|Any CPU
		{38FA8896-7E04-4ADD-B75A-342CA0E90977}.Debug|x64.Build.0 = Debug|Any CPU
		{38FA8896-7E04-4ADD-B75A-342CA0E90977}.Debug|x86.ActiveCfg = Debug|Any CPU
		{38FA8896-7E04-4ADD-B75A-342CA0E90977}.Debug|x86.Build.0 = Debug|Any CPU
		{38FA8896-7E04-4ADD-B75A-342CA0E90977}.Release|Any CPU.ActiveCfg = Release|Any CPU
		{38FA8896-7E04-4ADD-B75A-342CA0E90977}.Release|Any CPU.Build.0 = Release|Any CPU
		{38FA8896-7E04-4ADD-B75A-342CA0E90977}.Release|x64.ActiveCfg = Release|Any CPU
		{38FA8896-7E04-4ADD-B75A-342CA0E90977}.Release|x64.Build.0 = Release|Any CPU
		{38FA8896-7E04-4ADD-B75A-342CA0E90977}.Release|x86.ActiveCfg = Release|Any CPU
		{38FA8896-7E04-4ADD-B75A-342CA0E90977}.Release|x86.Build.0 = Release|Any CPU
	EndGlobalSection
EndGlobal
