
Microsoft Visual Studio Solution File, Format Version 12.00
# Visual Studio Version 16
VisualStudioVersion = 16.0.31313.79
MinimumVisualStudioVersion = 10.0.40219.1
Project("{FAE04EC0-301F-11D3-BF4B-00C04F79EFBC}") = "M06L07MethodOverridingDemo", "M06L07MethodOverridingDemo\M06L07MethodOverridingDemo.csproj", "{CC5D900C-1E48-40FA-94E0-F5B7654AF048}"
EndProject
Global
	GlobalSection(SolutionConfigurationPlatforms) = preSolution
		Debug|Any CPU = Debug|Any CPU
		Release|Any CPU = Release|Any CPU
	EndGlobalSection
	GlobalSection(ProjectConfigurationPlatforms) = postSolution
		{CC5D900C-1E48-40FA-94E0-F5B7654AF048}.Debug|Any CPU.ActiveCfg = Debug|Any CPU
		{CC5D900C-1E48-40FA-94E0-F5B7654AF048}.Debug|Any CPU.Build.0 = Debug|Any CPU
		{CC5D900C-1E48-40FA-94E0-F5B7654AF048}.Release|Any CPU.ActiveCfg = Release|Any CPU
		{CC5D900C-1E48-40FA-94E0-F5B7654AF048}.Release|Any CPU.Build.0 = Release|Any CPU
	EndGlobalSection
	GlobalSection(SolutionProperties) = preSolution
		HideSolutionNode = FALSE
	EndGlobalSection
	GlobalSection(ExtensibilityGlobals) = postSolution
		SolutionGuid = {CDFC3AA4-04A7-4116-A0BD-2496D360447C}
	EndGlobalSection
EndGlobal
