
Microsoft Visual Studio Solution File, Format Version 12.00
# Visual Studio Version 16
VisualStudioVersion = 16.0.31313.79
MinimumVisualStudioVersion = 10.0.40219.1
Project("{FAE04EC0-301F-11D3-BF4B-00C04F79EFBC}") = "M07L13MVCMiniProject", "M07L13MVCMiniProject\M07L13MVCMiniProject.csproj", "{669C993C-0D79-4F89-BF9C-7D3755058381}"
EndProject
Global
	GlobalSection(SolutionConfigurationPlatforms) = preSolution
		Debug|Any CPU = Debug|Any CPU
		Release|Any CPU = Release|Any CPU
	EndGlobalSection
	GlobalSection(ProjectConfigurationPlatforms) = postSolution
		{669C993C-0D79-4F89-BF9C-7D3755058381}.Debug|Any CPU.ActiveCfg = Debug|Any CPU
		{669C993C-0D79-4F89-BF9C-7D3755058381}.Debug|Any CPU.Build.0 = Debug|Any CPU
		{669C993C-0D79-4F89-BF9C-7D3755058381}.Release|Any CPU.ActiveCfg = Release|Any CPU
		{669C993C-0D79-4F89-BF9C-7D3755058381}.Release|Any CPU.Build.0 = Release|Any CPU
	EndGlobalSection
	GlobalSection(SolutionProperties) = preSolution
		HideSolutionNode = FALSE
	EndGlobalSection
	GlobalSection(ExtensibilityGlobals) = postSolution
		SolutionGuid = {BE04E13C-4D71-4286-BDA8-5C15866F69D0}
	EndGlobalSection
EndGlobal
