
Microsoft Visual Studio Solution File, Format Version 12.00
# Visual Studio Version 16
VisualStudioVersion = 16.0.31313.79
MinimumVisualStudioVersion = 10.0.40219.1
Project("{FAE04EC0-301F-11D3-BF4B-00C04F79EFBC}") = "M07L06MessageWall", "M07L06MessageWall\M07L06MessageWall.csproj", "{BB028737-1B78-4068-BDBA-C2D19A1C9815}"
EndProject
Global
	GlobalSection(SolutionConfigurationPlatforms) = preSolution
		Debug|Any CPU = Debug|Any CPU
		Release|Any CPU = Release|Any CPU
	EndGlobalSection
	GlobalSection(ProjectConfigurationPlatforms) = postSolution
		{BB028737-1B78-4068-BDBA-C2D19A1C9815}.Debug|Any CPU.ActiveCfg = Debug|Any CPU
		{BB028737-1B78-4068-BDBA-C2D19A1C9815}.Debug|Any CPU.Build.0 = Debug|Any CPU
		{BB028737-1B78-4068-BDBA-C2D19A1C9815}.Release|Any CPU.ActiveCfg = Release|Any CPU
		{BB028737-1B78-4068-BDBA-C2D19A1C9815}.Release|Any CPU.Build.0 = Release|Any CPU
	EndGlobalSection
	GlobalSection(SolutionProperties) = preSolution
		HideSolutionNode = FALSE
	EndGlobalSection
	GlobalSection(ExtensibilityGlobals) = postSolution
		SolutionGuid = {4D990DF4-9F82-461B-A24D-FCAC50795CCC}
	EndGlobalSection
EndGlobal
