
Microsoft Visual Studio Solution File, Format Version 12.00
# Visual Studio Version 16
VisualStudioVersion = 16.0.31313.79
MinimumVisualStudioVersion = 10.0.40219.1
Project("{FAE04EC0-301F-11D3-BF4B-00C04F79EFBC}") = "MongoDBUI", "MongoDBUI\MongoDBUI.csproj", "{EADAAA43-4EE4-49F8-BB6E-C39121B595B4}"
EndProject
Project("{FAE04EC0-301F-11D3-BF4B-00C04F79EFBC}") = "DataAccessLibrary", "DataAccessLibrary\DataAccessLibrary.csproj", "{DB8F3FBB-3C53-4CCB-9D95-C586D5038919}"
EndProject
Global
	GlobalSection(SolutionConfigurationPlatforms) = preSolution
		Debug|Any CPU = Debug|Any CPU
		Release|Any CPU = Release|Any CPU
	EndGlobalSection
	GlobalSection(ProjectConfigurationPlatforms) = postSolution
		{EADAAA43-4EE4-49F8-BB6E-C39121B595B4}.Debug|Any CPU.ActiveCfg = Debug|Any CPU
		{EADAAA43-4EE4-49F8-BB6E-C39121B595B4}.Debug|Any CPU.Build.0 = Debug|Any CPU
		{EADAAA43-4EE4-49F8-BB6E-C39121B595B4}.Release|Any CPU.ActiveCfg = Release|Any CPU
		{EADAAA43-4EE4-49F8-BB6E-C39121B595B4}.Release|Any CPU.Build.0 = Release|Any CPU
		{DB8F3FBB-3C53-4CCB-9D95-C586D5038919}.Debug|Any CPU.ActiveCfg = Debug|Any CPU
		{DB8F3FBB-3C53-4CCB-9D95-C586D5038919}.Debug|Any CPU.Build.0 = Debug|Any CPU
		{DB8F3FBB-3C53-4CCB-9D95-C586D5038919}.Release|Any CPU.ActiveCfg = Release|Any CPU
		{DB8F3FBB-3C53-4CCB-9D95-C586D5038919}.Release|Any CPU.Build.0 = Release|Any CPU
	EndGlobalSection
	GlobalSection(SolutionProperties) = preSolution
		HideSolutionNode = FALSE
	EndGlobalSection
	GlobalSection(ExtensibilityGlobals) = postSolution
		SolutionGuid = {A3172641-F6BA-430C-A59B-757A40E5079D}
	EndGlobalSection
EndGlobal
